
Microsoft Visual Studio Solution File, Format Version 12.00
# Visual Studio Express 2012 for Windows Desktop
Project("{FAE04EC0-301F-11D3-BF4B-00C04F79EFBC}") = "SkypeAPI2", "SkypeAPI2.csproj", "{01E66A47-364F-4851-852B-97AC29E2285C}"
EndProject
Global
	GlobalSection(SolutionConfigurationPlatforms) = preSolution
		Debug|Any CPU = Debug|Any CPU
		Release|Any CPU = Release|Any CPU
	EndGlobalSection
	GlobalSection(ProjectConfigurationPlatforms) = postSolution
		{01E66A47-364F-4851-852B-97AC29E2285C}.Debug|Any CPU.ActiveCfg = Debug|Any CPU
		{01E66A47-364F-4851-852B-97AC29E2285C}.Debug|Any CPU.Build.0 = Debug|Any CPU
		{01E66A47-364F-4851-852B-97AC29E2285C}.Release|Any CPU.ActiveCfg = Release|Any CPU
		{01E66A47-364F-4851-852B-97AC29E2285C}.Release|Any CPU.Build.0 = Release|Any CPU
	EndGlobalSection
	GlobalSection(SolutionProperties) = preSolution
		HideSolutionNode = FALSE
	EndGlobalSection
EndGlobal
